{
  "name": "@yo1dog/errors",
  "version": "1.0.0",
  "lockfileVersion": 1,
  "requires": true,
  "dependencies": {
    "@yo1dog/cerror": {
      "version": "1.0.0",
      "resolved": "https://registry.npmjs.org/@yo1dog/cerror/-/cerror-1.0.0.tgz",
      "integrity": "sha512-XrHl7tzloR5AFK/CToKzJXAnzyBgBfzoCbUfHqUDLCjEWzGsAE/kvp3+8sYjLLxcR/ademqwP9bTsFoDCg2i4w==",
      "requires": {
        "@yo1dog/extendable-error": "^1.0.0"
      }
    },
    "@yo1dog/extendable-error": {
      "version": "1.0.0",
      "resolved": "https://registry.npmjs.org/@yo1dog/extendable-error/-/extendable-error-1.0.0.tgz",
      "integrity": "sha512-RcD0Ek46M4J0RD0lHk/ya8xUVuCrb1KOlF8lXDJaVMMAwyUHVQupSVOH/VKGEpAfNBCU6gYobEPYgFB+agpOjQ=="
    },
    "@yo1dog/multi-error": {
      "version": "1.0.0",
      "resolved": "https://registry.npmjs.org/@yo1dog/multi-error/-/multi-error-1.0.0.tgz",
      "integrity": "sha512-4TBxj3ttlPYvVPwa4kELVQ0fKn8Aq5dXZ323XKdV6DpBGtxcOy2m8keXvQziD5oEpk+Mbr10D+Lv0TXSt12d1g==",
      "requires": {
        "@yo1dog/extendable-error": "^1.0.0"
      }
    }
  }
}
